
Microsoft Visual Studio Solution File, Format Version 12.00
# Visual Studio Version 17
VisualStudioVersion = 17.7.34202.233
MinimumVisualStudioVersion = 10.0.40219.1
Project("{8BC9CEB8-8B4A-11D0-8D11-00A0C91BC942}") = "ribalka-cpp", "ribalka-cpp\ribalka-cpp.vcxproj", "{D7CB6684-368D-4266-B367-AA6674B86EB6}"
EndProject
Global
	GlobalSection(SolutionConfigurationPlatforms) = preSolution
		Debug|x64 = Debug|x64
		Debug|x86 = Debug|x86
		Release|x64 = Release|x64
		Release|x86 = Release|x86
	EndGlobalSection
	GlobalSection(ProjectConfigurationPlatforms) = postSolution
		{D7CB6684-368D-4266-B367-AA6674B86EB6}.Debug|x64.ActiveCfg = Debug|x64
		{D7CB6684-368D-4266-B367-AA6674B86EB6}.Debug|x64.Build.0 = Debug|x64
		{D7CB6684-368D-4266-B367-AA6674B86EB6}.Debug|x86.ActiveCfg = Debug|Win32
		{D7CB6684-368D-4266-B367-AA6674B86EB6}.Debug|x86.Build.0 = Debug|Win32
		{D7CB6684-368D-4266-B367-AA6674B86EB6}.Release|x64.ActiveCfg = Release|x64
		{D7CB6684-368D-4266-B367-AA6674B86EB6}.Release|x64.Build.0 = Release|x64
		{D7CB6684-368D-4266-B367-AA6674B86EB6}.Release|x86.ActiveCfg = Release|Win32
		{D7CB6684-368D-4266-B367-AA6674B86EB6}.Release|x86.Build.0 = Release|Win32
	EndGlobalSection
	GlobalSection(SolutionProperties) = preSolution
		HideSolutionNode = FALSE
	EndGlobalSection
	GlobalSection(ExtensibilityGlobals) = postSolution
		SolutionGuid = {A374B4E2-7031-47D9-88DB-F55AE0402FE2}
	EndGlobalSection
EndGlobal
